
Microsoft Visual Studio Solution File, Format Version 12.00
# Visual Studio Version 17
VisualStudioVersion = 17.8.34525.116
MinimumVisualStudioVersion = 10.0.40219.1
Project("{2150E333-8FDC-42A3-9474-1A3956D46DE8}") = "2 - Domain", "2 - Domain", "{F0E9B163-00A0-4B46-B44F-E8D8F636FC14}"
EndProject
Project("{FAE04EC0-301F-11D3-BF4B-00C04F79EFBC}") = "Wave.Commerce.Domain", "Wave.Commerce.Domain\Wave.Commerce.Domain.csproj", "{5E9075AD-ACE8-464C-B803-F06D974D2052}"
EndProject
Global
	GlobalSection(SolutionConfigurationPlatforms) = preSolution
		Debug|Any CPU = Debug|Any CPU
		Release|Any CPU = Release|Any CPU
	EndGlobalSection
	GlobalSection(ProjectConfigurationPlatforms) = postSolution
		{5E9075AD-ACE8-464C-B803-F06D974D2052}.Debug|Any CPU.ActiveCfg = Debug|Any CPU
		{5E9075AD-ACE8-464C-B803-F06D974D2052}.Debug|Any CPU.Build.0 = Debug|Any CPU
		{5E9075AD-ACE8-464C-B803-F06D974D2052}.Release|Any CPU.ActiveCfg = Release|Any CPU
		{5E9075AD-ACE8-464C-B803-F06D974D2052}.Release|Any CPU.Build.0 = Release|Any CPU
	EndGlobalSection
	GlobalSection(SolutionProperties) = preSolution
		HideSolutionNode = FALSE
	EndGlobalSection
	GlobalSection(NestedProjects) = preSolution
		{5E9075AD-ACE8-464C-B803-F06D974D2052} = {F0E9B163-00A0-4B46-B44F-E8D8F636FC14}
	EndGlobalSection
	GlobalSection(ExtensibilityGlobals) = postSolution
		SolutionGuid = {53E0077B-2992-4268-B09F-0FD238FB6E75}
	EndGlobalSection
EndGlobal
