
Microsoft Visual Studio Solution File, Format Version 12.00
# Visual Studio Version 17
VisualStudioVersion = 17.8.34525.116
MinimumVisualStudioVersion = 10.0.40219.1
Project("{2150E333-8FDC-42A3-9474-1A3956D46DE8}") = "Domain", "Domain", "{F0E9B163-00A0-4B46-B44F-E8D8F636FC14}"
EndProject
Project("{9A19103F-16F7-4668-BE54-9A1E7A4F7556}") = "Wave.Commerce.Domain", "Wave.Commerce.Domain\Wave.Commerce.Domain.csproj", "{5E9075AD-ACE8-464C-B803-F06D974D2052}"
EndProject
Project("{2150E333-8FDC-42A3-9474-1A3956D46DE8}") = "Infrastructure", "Infrastructure", "{4888185F-1AF5-494E-A019-FF9058A907EC}"
EndProject
Project("{9A19103F-16F7-4668-BE54-9A1E7A4F7556}") = "Wave.Commerce.Persistence", "Wave.Commerce.Persistence\Wave.Commerce.Persistence.csproj", "{8D4A2BC3-9176-4AA3-A48B-3E6EB80CACA6}"
EndProject
Project("{9A19103F-16F7-4668-BE54-9A1E7A4F7556}") = "Wave.Commerce.DependencyInjection", "DependencyInjection\Wave.Commerce.DependencyInjection.csproj", "{991C5DC1-7966-40CF-8491-62198CAEC480}"
EndProject
Project("{2150E333-8FDC-42A3-9474-1A3956D46DE8}") = "Presentation", "Presentation", "{139A415D-7632-476A-940C-F161F9BC5F16}"
EndProject
Project("{9A19103F-16F7-4668-BE54-9A1E7A4F7556}") = "Wave.Commerce.API", "Wave.Commerce.API\Wave.Commerce.API.csproj", "{42A2A79B-8C19-4F5C-9129-C927351632E3}"
EndProject
Project("{2150E333-8FDC-42A3-9474-1A3956D46DE8}") = "Application", "Application", "{E8E62187-1E79-44ED-9D92-E3B90A0196C6}"
EndProject
Project("{FAE04EC0-301F-11D3-BF4B-00C04F79EFBC}") = "Wave.Commerce.Application", "Wave.Commerce.Application\Wave.Commerce.Application.csproj", "{D73DE33F-6AE5-46B5-8F57-CA7741787AF8}"
EndProject
Global
	GlobalSection(SolutionConfigurationPlatforms) = preSolution
		Debug|Any CPU = Debug|Any CPU
		Release|Any CPU = Release|Any CPU
	EndGlobalSection
	GlobalSection(ProjectConfigurationPlatforms) = postSolution
		{5E9075AD-ACE8-464C-B803-F06D974D2052}.Debug|Any CPU.ActiveCfg = Debug|Any CPU
		{5E9075AD-ACE8-464C-B803-F06D974D2052}.Debug|Any CPU.Build.0 = Debug|Any CPU
		{5E9075AD-ACE8-464C-B803-F06D974D2052}.Release|Any CPU.ActiveCfg = Release|Any CPU
		{5E9075AD-ACE8-464C-B803-F06D974D2052}.Release|Any CPU.Build.0 = Release|Any CPU
		{8D4A2BC3-9176-4AA3-A48B-3E6EB80CACA6}.Debug|Any CPU.ActiveCfg = Debug|Any CPU
		{8D4A2BC3-9176-4AA3-A48B-3E6EB80CACA6}.Debug|Any CPU.Build.0 = Debug|Any CPU
		{8D4A2BC3-9176-4AA3-A48B-3E6EB80CACA6}.Release|Any CPU.ActiveCfg = Release|Any CPU
		{8D4A2BC3-9176-4AA3-A48B-3E6EB80CACA6}.Release|Any CPU.Build.0 = Release|Any CPU
		{991C5DC1-7966-40CF-8491-62198CAEC480}.Debug|Any CPU.ActiveCfg = Debug|Any CPU
		{991C5DC1-7966-40CF-8491-62198CAEC480}.Debug|Any CPU.Build.0 = Debug|Any CPU
		{991C5DC1-7966-40CF-8491-62198CAEC480}.Release|Any CPU.ActiveCfg = Release|Any CPU
		{991C5DC1-7966-40CF-8491-62198CAEC480}.Release|Any CPU.Build.0 = Release|Any CPU
		{42A2A79B-8C19-4F5C-9129-C927351632E3}.Debug|Any CPU.ActiveCfg = Debug|Any CPU
		{42A2A79B-8C19-4F5C-9129-C927351632E3}.Debug|Any CPU.Build.0 = Debug|Any CPU
		{42A2A79B-8C19-4F5C-9129-C927351632E3}.Release|Any CPU.ActiveCfg = Release|Any CPU
		{42A2A79B-8C19-4F5C-9129-C927351632E3}.Release|Any CPU.Build.0 = Release|Any CPU
		{D73DE33F-6AE5-46B5-8F57-CA7741787AF8}.Debug|Any CPU.ActiveCfg = Debug|Any CPU
		{D73DE33F-6AE5-46B5-8F57-CA7741787AF8}.Debug|Any CPU.Build.0 = Debug|Any CPU
		{D73DE33F-6AE5-46B5-8F57-CA7741787AF8}.Release|Any CPU.ActiveCfg = Release|Any CPU
		{D73DE33F-6AE5-46B5-8F57-CA7741787AF8}.Release|Any CPU.Build.0 = Release|Any CPU
	EndGlobalSection
	GlobalSection(SolutionProperties) = preSolution
		HideSolutionNode = FALSE
	EndGlobalSection
	GlobalSection(NestedProjects) = preSolution
		{5E9075AD-ACE8-464C-B803-F06D974D2052} = {F0E9B163-00A0-4B46-B44F-E8D8F636FC14}
		{8D4A2BC3-9176-4AA3-A48B-3E6EB80CACA6} = {4888185F-1AF5-494E-A019-FF9058A907EC}
		{991C5DC1-7966-40CF-8491-62198CAEC480} = {4888185F-1AF5-494E-A019-FF9058A907EC}
		{42A2A79B-8C19-4F5C-9129-C927351632E3} = {139A415D-7632-476A-940C-F161F9BC5F16}
		{D73DE33F-6AE5-46B5-8F57-CA7741787AF8} = {E8E62187-1E79-44ED-9D92-E3B90A0196C6}
	EndGlobalSection
	GlobalSection(ExtensibilityGlobals) = postSolution
		SolutionGuid = {53E0077B-2992-4268-B09F-0FD238FB6E75}
	EndGlobalSection
EndGlobal
